
Microsoft Visual Studio Solution File, Format Version 12.00
# Visual Studio 15
VisualStudioVersion = 15.0.28307.779
MinimumVisualStudioVersion = 10.0.40219.1
Project("{9A19103F-16F7-4668-BE54-9A1E7A4F7556}") = "GrappyServerless", "GrappyServerless.csproj", "{15DBA631-82DA-4BC4-A281-F974D01987AD}"
EndProject
Project("{9A19103F-16F7-4668-BE54-9A1E7A4F7556}") = "GrappyServerless.Tests", "..\GrappyServerless.Tests\GrappyServerless.Tests.csproj", "{70D3953D-98AF-4225-B0FB-11DABCA80192}"
EndProject
Global
	GlobalSection(SolutionConfigurationPlatforms) = preSolution
		Debug|Any CPU = Debug|Any CPU
		Release|Any CPU = Release|Any CPU
	EndGlobalSection
	GlobalSection(ProjectConfigurationPlatforms) = postSolution
		{15DBA631-82DA-4BC4-A281-F974D01987AD}.Debug|Any CPU.ActiveCfg = Debug|Any CPU
		{15DBA631-82DA-4BC4-A281-F974D01987AD}.Debug|Any CPU.Build.0 = Debug|Any CPU
		{15DBA631-82DA-4BC4-A281-F974D01987AD}.Release|Any CPU.ActiveCfg = Release|Any CPU
		{15DBA631-82DA-4BC4-A281-F974D01987AD}.Release|Any CPU.Build.0 = Release|Any CPU
		{70D3953D-98AF-4225-B0FB-11DABCA80192}.Debug|Any CPU.ActiveCfg = Debug|Any CPU
		{70D3953D-98AF-4225-B0FB-11DABCA80192}.Debug|Any CPU.Build.0 = Debug|Any CPU
		{70D3953D-98AF-4225-B0FB-11DABCA80192}.Release|Any CPU.ActiveCfg = Release|Any CPU
		{70D3953D-98AF-4225-B0FB-11DABCA80192}.Release|Any CPU.Build.0 = Release|Any CPU
	EndGlobalSection
	GlobalSection(SolutionProperties) = preSolution
		HideSolutionNode = FALSE
	EndGlobalSection
	GlobalSection(ExtensibilityGlobals) = postSolution
		SolutionGuid = {C4D4BA2A-1039-45C4-BEB7-29234B61088F}
	EndGlobalSection
EndGlobal
